
Microsoft Visual Studio Solution File, Format Version 12.00
# Visual Studio Version 17
VisualStudioVersion = 17.12.35707.178 d17.12
MinimumVisualStudioVersion = 10.0.40219.1
Project("{FAE04EC0-301F-11D3-BF4B-00C04F79EFBC}") = "mnyControl.Core", "mnyControl.Core\mnyControl.Core.csproj", "{25D063D2-AD70-44C0-8302-0B9A4877BE1C}"
EndProject
Project("{FAE04EC0-301F-11D3-BF4B-00C04F79EFBC}") = "mnyControl.Api", "mnyControl.Api\mnyControl.Api.csproj", "{B7602197-5D4C-42FD-848C-CC1C8C4E4B17}"
EndProject
Global
	GlobalSection(SolutionConfigurationPlatforms) = preSolution
		Debug|Any CPU = Debug|Any CPU
		Release|Any CPU = Release|Any CPU
	EndGlobalSection
	GlobalSection(ProjectConfigurationPlatforms) = postSolution
		{25D063D2-AD70-44C0-8302-0B9A4877BE1C}.Debug|Any CPU.ActiveCfg = Debug|Any CPU
		{25D063D2-AD70-44C0-8302-0B9A4877BE1C}.Debug|Any CPU.Build.0 = Debug|Any CPU
		{25D063D2-AD70-44C0-8302-0B9A4877BE1C}.Release|Any CPU.ActiveCfg = Release|Any CPU
		{25D063D2-AD70-44C0-8302-0B9A4877BE1C}.Release|Any CPU.Build.0 = Release|Any CPU
		{B7602197-5D4C-42FD-848C-CC1C8C4E4B17}.Debug|Any CPU.ActiveCfg = Debug|Any CPU
		{B7602197-5D4C-42FD-848C-CC1C8C4E4B17}.Debug|Any CPU.Build.0 = Debug|Any CPU
		{B7602197-5D4C-42FD-848C-CC1C8C4E4B17}.Release|Any CPU.ActiveCfg = Release|Any CPU
		{B7602197-5D4C-42FD-848C-CC1C8C4E4B17}.Release|Any CPU.Build.0 = Release|Any CPU
	EndGlobalSection
	GlobalSection(SolutionProperties) = preSolution
		HideSolutionNode = FALSE
	EndGlobalSection
EndGlobal
